
Microsoft Visual Studio Solution File, Format Version 12.00
# Visual Studio 15
VisualStudioVersion = 15.0.27703.2047
MinimumVisualStudioVersion = 10.0.40219.1
Project("{2150E333-8FDC-42A3-9474-1A3956D46DE8}") = "Solution Items", "Solution Items", "{8F6D93D1-0E1E-476E-90C3-AFBCA0CFF3D9}"
	ProjectSection(SolutionItems) = preProject
		package.json = package.json
		setup.txt = setup.txt
	EndProjectSection
EndProject
Project("{F2A71F9B-5D33-465A-A702-920D77279786}") = "regiondeployer", "regiondeployer\regiondeployer.fsproj", "{D7B5C572-A850-48AD-8BD9-5A4341D60F99}"
EndProject
Project("{F2A71F9B-5D33-465A-A702-920D77279786}") = "regiondeployer.tests", "tests\regiondeployer.tests.fsproj", "{77E8D4DE-3FEC-4CBF-81FA-ABC18D13AEB9}"
	ProjectSection(ProjectDependencies) = postProject
		{E3D72A18-D8FA-428D-8ABE-C435883C093D} = {E3D72A18-D8FA-428D-8ABE-C435883C093D}
		{D7B5C572-A850-48AD-8BD9-5A4341D60F99} = {D7B5C572-A850-48AD-8BD9-5A4341D60F99}
	EndProjectSection
EndProject
Project("{F2A71F9B-5D33-465A-A702-920D77279786}") = "regiondeployer.cleanup", "cleanup\regiondeployer.cleanup.fsproj", "{F03513D3-ABF6-4982-9E27-79EFFDDD02CF}"
	ProjectSection(ProjectDependencies) = postProject
		{D7B5C572-A850-48AD-8BD9-5A4341D60F99} = {D7B5C572-A850-48AD-8BD9-5A4341D60F99}
	EndProjectSection
EndProject
Project("{F2A71F9B-5D33-465A-A702-920D77279786}") = "regiondeployer.nodeadapter", "nodeadapter\regiondeployer.nodeadapter.fsproj", "{E3D72A18-D8FA-428D-8ABE-C435883C093D}"
EndProject
Global
	GlobalSection(SolutionConfigurationPlatforms) = preSolution
		Debug|Any CPU = Debug|Any CPU
		Debug|x64 = Debug|x64
		Release|Any CPU = Release|Any CPU
		Release|x64 = Release|x64
	EndGlobalSection
	GlobalSection(ProjectConfigurationPlatforms) = postSolution
		{D7B5C572-A850-48AD-8BD9-5A4341D60F99}.Debug|Any CPU.ActiveCfg = Debug|Any CPU
		{D7B5C572-A850-48AD-8BD9-5A4341D60F99}.Debug|Any CPU.Build.0 = Debug|Any CPU
		{D7B5C572-A850-48AD-8BD9-5A4341D60F99}.Debug|x64.ActiveCfg = Debug|Any CPU
		{D7B5C572-A850-48AD-8BD9-5A4341D60F99}.Debug|x64.Build.0 = Debug|Any CPU
		{D7B5C572-A850-48AD-8BD9-5A4341D60F99}.Release|Any CPU.ActiveCfg = Release|Any CPU
		{D7B5C572-A850-48AD-8BD9-5A4341D60F99}.Release|Any CPU.Build.0 = Release|Any CPU
		{D7B5C572-A850-48AD-8BD9-5A4341D60F99}.Release|x64.ActiveCfg = Release|Any CPU
		{D7B5C572-A850-48AD-8BD9-5A4341D60F99}.Release|x64.Build.0 = Release|Any CPU
		{77E8D4DE-3FEC-4CBF-81FA-ABC18D13AEB9}.Debug|Any CPU.ActiveCfg = Debug|Any CPU
		{77E8D4DE-3FEC-4CBF-81FA-ABC18D13AEB9}.Debug|Any CPU.Build.0 = Debug|Any CPU
		{77E8D4DE-3FEC-4CBF-81FA-ABC18D13AEB9}.Debug|x64.ActiveCfg = Debug|Any CPU
		{77E8D4DE-3FEC-4CBF-81FA-ABC18D13AEB9}.Debug|x64.Build.0 = Debug|Any CPU
		{77E8D4DE-3FEC-4CBF-81FA-ABC18D13AEB9}.Release|Any CPU.ActiveCfg = Release|Any CPU
		{77E8D4DE-3FEC-4CBF-81FA-ABC18D13AEB9}.Release|Any CPU.Build.0 = Release|Any CPU
		{77E8D4DE-3FEC-4CBF-81FA-ABC18D13AEB9}.Release|x64.ActiveCfg = Release|Any CPU
		{77E8D4DE-3FEC-4CBF-81FA-ABC18D13AEB9}.Release|x64.Build.0 = Release|Any CPU
		{F03513D3-ABF6-4982-9E27-79EFFDDD02CF}.Debug|Any CPU.ActiveCfg = Debug|Any CPU
		{F03513D3-ABF6-4982-9E27-79EFFDDD02CF}.Debug|Any CPU.Build.0 = Debug|Any CPU
		{F03513D3-ABF6-4982-9E27-79EFFDDD02CF}.Debug|x64.ActiveCfg = Debug|Any CPU
		{F03513D3-ABF6-4982-9E27-79EFFDDD02CF}.Debug|x64.Build.0 = Debug|Any CPU
		{F03513D3-ABF6-4982-9E27-79EFFDDD02CF}.Release|Any CPU.ActiveCfg = Release|Any CPU
		{F03513D3-ABF6-4982-9E27-79EFFDDD02CF}.Release|Any CPU.Build.0 = Release|Any CPU
		{F03513D3-ABF6-4982-9E27-79EFFDDD02CF}.Release|x64.ActiveCfg = Release|Any CPU
		{F03513D3-ABF6-4982-9E27-79EFFDDD02CF}.Release|x64.Build.0 = Release|Any CPU
		{E3D72A18-D8FA-428D-8ABE-C435883C093D}.Debug|Any CPU.ActiveCfg = Debug|Any CPU
		{E3D72A18-D8FA-428D-8ABE-C435883C093D}.Debug|Any CPU.Build.0 = Debug|Any CPU
		{E3D72A18-D8FA-428D-8ABE-C435883C093D}.Debug|x64.ActiveCfg = Debug|x64
		{E3D72A18-D8FA-428D-8ABE-C435883C093D}.Debug|x64.Build.0 = Debug|x64
		{E3D72A18-D8FA-428D-8ABE-C435883C093D}.Release|Any CPU.ActiveCfg = Release|Any CPU
		{E3D72A18-D8FA-428D-8ABE-C435883C093D}.Release|Any CPU.Build.0 = Release|Any CPU
		{E3D72A18-D8FA-428D-8ABE-C435883C093D}.Release|x64.ActiveCfg = Release|x64
		{E3D72A18-D8FA-428D-8ABE-C435883C093D}.Release|x64.Build.0 = Release|x64
	EndGlobalSection
	GlobalSection(SolutionProperties) = preSolution
		HideSolutionNode = FALSE
	EndGlobalSection
	GlobalSection(ExtensibilityGlobals) = postSolution
		SolutionGuid = {16B29DBE-C08F-4007-A692-392028596952}
	EndGlobalSection
EndGlobal
