
Microsoft Visual Studio Solution File, Format Version 12.00
# Visual Studio Version 17
VisualStudioVersion = 17.5.002.0
MinimumVisualStudioVersion = 10.0.40219.1
Project("{9A19103F-16F7-4668-BE54-9A1E7A4F7556}") = "regiondeployer", "regiondeployer\regiondeployer.csproj", "{309F4A27-D6FF-4D08-BD82-08891F7DB5BB}"
EndProject
Global
	GlobalSection(SolutionConfigurationPlatforms) = preSolution
		Debug|Any CPU = Debug|Any CPU
		Release|Any CPU = Release|Any CPU
	EndGlobalSection
	GlobalSection(ProjectConfigurationPlatforms) = postSolution
		{309F4A27-D6FF-4D08-BD82-08891F7DB5BB}.Debug|Any CPU.ActiveCfg = Debug|Any CPU
		{309F4A27-D6FF-4D08-BD82-08891F7DB5BB}.Debug|Any CPU.Build.0 = Debug|Any CPU
		{309F4A27-D6FF-4D08-BD82-08891F7DB5BB}.Release|Any CPU.ActiveCfg = Release|Any CPU
		{309F4A27-D6FF-4D08-BD82-08891F7DB5BB}.Release|Any CPU.Build.0 = Release|Any CPU
	EndGlobalSection
	GlobalSection(SolutionProperties) = preSolution
		HideSolutionNode = FALSE
	EndGlobalSection
	GlobalSection(ExtensibilityGlobals) = postSolution
		SolutionGuid = {7EA3176D-6938-40A7-B0E1-424295A24675}
	EndGlobalSection
EndGlobal
